
Microsoft Visual Studio Solution File, Format Version 12.00
# Visual Studio Version 17
VisualStudioVersion = 17.4.33205.214
MinimumVisualStudioVersion = 10.0.40219.1
Project("{9A19103F-16F7-4668-BE54-9A1E7A4F7556}") = "MyGate", "MyGate.csproj", "{64DCC161-A967-477E-ACDC-CE395D954526}"
EndProject
Global
	GlobalSection(SolutionConfigurationPlatforms) = preSolution
		Debug|Any CPU = Debug|Any CPU
		Release|Any CPU = Release|Any CPU
	EndGlobalSection
	GlobalSection(ProjectConfigurationPlatforms) = postSolution
		{64DCC161-A967-477E-ACDC-CE395D954526}.Debug|Any CPU.ActiveCfg = Debug|Any CPU
		{64DCC161-A967-477E-ACDC-CE395D954526}.Debug|Any CPU.Build.0 = Debug|Any CPU
		{64DCC161-A967-477E-ACDC-CE395D954526}.Release|Any CPU.ActiveCfg = Release|Any CPU
		{64DCC161-A967-477E-ACDC-CE395D954526}.Release|Any CPU.Build.0 = Release|Any CPU
	EndGlobalSection
	GlobalSection(SolutionProperties) = preSolution
		HideSolutionNode = FALSE
	EndGlobalSection
	GlobalSection(ExtensibilityGlobals) = postSolution
		SolutionGuid = {1586CF23-C288-4BD8-9395-17105E1F0523}
	EndGlobalSection
EndGlobal
